
Microsoft Visual Studio Solution File, Format Version 12.00
# Visual Studio Version 16
VisualStudioVersion = 16.0.30804.86
MinimumVisualStudioVersion = 10.0.40219.1
Project("{FAE04EC0-301F-11D3-BF4B-00C04F79EFBC}") = "Task10", "Task10\Task10.csproj", "{CF6D0A8B-ECDA-4BB2-AC9D-D4378A0C27F2}"
EndProject
Global
	GlobalSection(SolutionConfigurationPlatforms) = preSolution
		Debug|Any CPU = Debug|Any CPU
		Release|Any CPU = Release|Any CPU
	EndGlobalSection
	GlobalSection(ProjectConfigurationPlatforms) = postSolution
		{CF6D0A8B-ECDA-4BB2-AC9D-D4378A0C27F2}.Debug|Any CPU.ActiveCfg = Debug|Any CPU
		{CF6D0A8B-ECDA-4BB2-AC9D-D4378A0C27F2}.Debug|Any CPU.Build.0 = Debug|Any CPU
		{CF6D0A8B-ECDA-4BB2-AC9D-D4378A0C27F2}.Release|Any CPU.ActiveCfg = Release|Any CPU
		{CF6D0A8B-ECDA-4BB2-AC9D-D4378A0C27F2}.Release|Any CPU.Build.0 = Release|Any CPU
	EndGlobalSection
	GlobalSection(SolutionProperties) = preSolution
		HideSolutionNode = FALSE
	EndGlobalSection
	GlobalSection(ExtensibilityGlobals) = postSolution
		SolutionGuid = {ECD52A22-FE48-4344-A384-AEA8B8B6DF77}
	EndGlobalSection
EndGlobal
