
Microsoft Visual Studio Solution File, Format Version 12.00
# Visual Studio Version 16
VisualStudioVersion = 16.0.30804.86
MinimumVisualStudioVersion = 10.0.40219.1
Project("{FAE04EC0-301F-11D3-BF4B-00C04F79EFBC}") = "Task11", "Task11\Task11.csproj", "{6DB8DAF5-9F7D-4C9B-A25A-2668CC51FFC5}"
EndProject
Global
	GlobalSection(SolutionConfigurationPlatforms) = preSolution
		Debug|Any CPU = Debug|Any CPU
		Release|Any CPU = Release|Any CPU
	EndGlobalSection
	GlobalSection(ProjectConfigurationPlatforms) = postSolution
		{6DB8DAF5-9F7D-4C9B-A25A-2668CC51FFC5}.Debug|Any CPU.ActiveCfg = Debug|Any CPU
		{6DB8DAF5-9F7D-4C9B-A25A-2668CC51FFC5}.Debug|Any CPU.Build.0 = Debug|Any CPU
		{6DB8DAF5-9F7D-4C9B-A25A-2668CC51FFC5}.Release|Any CPU.ActiveCfg = Release|Any CPU
		{6DB8DAF5-9F7D-4C9B-A25A-2668CC51FFC5}.Release|Any CPU.Build.0 = Release|Any CPU
	EndGlobalSection
	GlobalSection(SolutionProperties) = preSolution
		HideSolutionNode = FALSE
	EndGlobalSection
	GlobalSection(ExtensibilityGlobals) = postSolution
		SolutionGuid = {5184C57A-E157-431F-AFEE-9B4E8ED78BAF}
	EndGlobalSection
EndGlobal
