
Microsoft Visual Studio Solution File, Format Version 12.00
# Visual Studio Version 16
VisualStudioVersion = 16.0.30804.86
MinimumVisualStudioVersion = 10.0.40219.1
Project("{FAE04EC0-301F-11D3-BF4B-00C04F79EFBC}") = "Task5", "Task5\Task5.csproj", "{9F2E5805-3FEB-4561-89B4-61CF9BFF2685}"
EndProject
Global
	GlobalSection(SolutionConfigurationPlatforms) = preSolution
		Debug|Any CPU = Debug|Any CPU
		Release|Any CPU = Release|Any CPU
	EndGlobalSection
	GlobalSection(ProjectConfigurationPlatforms) = postSolution
		{9F2E5805-3FEB-4561-89B4-61CF9BFF2685}.Debug|Any CPU.ActiveCfg = Debug|Any CPU
		{9F2E5805-3FEB-4561-89B4-61CF9BFF2685}.Debug|Any CPU.Build.0 = Debug|Any CPU
		{9F2E5805-3FEB-4561-89B4-61CF9BFF2685}.Release|Any CPU.ActiveCfg = Release|Any CPU
		{9F2E5805-3FEB-4561-89B4-61CF9BFF2685}.Release|Any CPU.Build.0 = Release|Any CPU
	EndGlobalSection
	GlobalSection(SolutionProperties) = preSolution
		HideSolutionNode = FALSE
	EndGlobalSection
	GlobalSection(ExtensibilityGlobals) = postSolution
		SolutionGuid = {72B475D0-8E5D-4F20-91DF-5836E567DE29}
	EndGlobalSection
EndGlobal
