
Microsoft Visual Studio Solution File, Format Version 12.00
# Visual Studio Version 16
VisualStudioVersion = 16.0.30804.86
MinimumVisualStudioVersion = 10.0.40219.1
Project("{FAE04EC0-301F-11D3-BF4B-00C04F79EFBC}") = "Task8", "Task8\Task8.csproj", "{74098518-FF5B-4DE9-A866-98673A5EDBF0}"
EndProject
Global
	GlobalSection(SolutionConfigurationPlatforms) = preSolution
		Debug|Any CPU = Debug|Any CPU
		Release|Any CPU = Release|Any CPU
	EndGlobalSection
	GlobalSection(ProjectConfigurationPlatforms) = postSolution
		{74098518-FF5B-4DE9-A866-98673A5EDBF0}.Debug|Any CPU.ActiveCfg = Debug|Any CPU
		{74098518-FF5B-4DE9-A866-98673A5EDBF0}.Debug|Any CPU.Build.0 = Debug|Any CPU
		{74098518-FF5B-4DE9-A866-98673A5EDBF0}.Release|Any CPU.ActiveCfg = Release|Any CPU
		{74098518-FF5B-4DE9-A866-98673A5EDBF0}.Release|Any CPU.Build.0 = Release|Any CPU
	EndGlobalSection
	GlobalSection(SolutionProperties) = preSolution
		HideSolutionNode = FALSE
	EndGlobalSection
	GlobalSection(ExtensibilityGlobals) = postSolution
		SolutionGuid = {B4564340-9E15-4F00-BF86-4251544CBDF9}
	EndGlobalSection
EndGlobal
